<Solution>
  <Folder Name="/src/">
    <Project Path="src/BudgetAssistant.Core/BudgetAssistant.Core.csproj" />
    <Project Path="src/BudgetAssistant.Web/BudgetAssistant.Web.csproj" />
  </Folder>
  <Folder Name="/tests/">
    <Project Path="tests/BudgetAssistant.Core.Tests/BudgetAssistant.Core.Tests.csproj" />
    <Project Path="tests/BudgetAssistant.Web.Tests/BudgetAssistant.Web.Tests.csproj" />
  </Folder>
</Solution>
